// !$*UTF8*$!
{
	archiveVersion = 1;
	classes = {
	};
	objectVersion = 50;
	objects = {

/* Begin PBXBuildFile section */
		995B79132453456B005C864C /* AppDelegate.swift in Sources */ = {isa = PBXBuildFile; fileRef = 995B79122453456B005C864C /* AppDelegate.swift */; };
		995B79152453456B005C864C /* SceneDelegate.swift in Sources */ = {isa = PBXBuildFile; fileRef = 995B79142453456B005C864C /* SceneDelegate.swift */; };
		995B79172453456C005C864C /* ViewController.swift in Sources */ = {isa = PBXBuildFile; fileRef = 995B79162453456C005C864C /* ViewController.swift */; };
		995B791A2453456C005C864C /* Main.storyboard in Resources */ = {isa = PBXBuildFile; fileRef = 995B79182453456C005C864C /* Main.storyboard */; };
		995B791C2453458A005C864C /* Assets.xcassets in Resources */ = {isa = PBXBuildFile; fileRef = 995B791B2453458A005C864C /* Assets.xcassets */; };
		995B791F2453458A005C864C /* LaunchScreen.storyboard in Resources */ = {isa = PBXBuildFile; fileRef = 995B791D2453458A005C864C /* LaunchScreen.storyboard */; };
		995B792A2453458B005C864C /* myCalcTests.swift in Sources */ = {isa = PBXBuildFile; fileRef = 995B79292453458B005C864C /* myCalcTests.swift */; };
		995B79352453458B005C864C /* myCalcUITests.swift in Sources */ = {isa = PBXBuildFile; fileRef = 995B79342453458B005C864C /* myCalcUITests.swift */; };
/* End PBXBuildFile section */

/* Begin PBXContainerItemProxy section */
		995B79262453458B005C864C /* PBXContainerItemProxy */ = {
			isa = PBXContainerItemProxy;
			containerPortal = 995B79072453456B005C864C /* Project object */;
			proxyType = 1;
			remoteGlobalIDString = 995B790E2453456B005C864C;
			remoteInfo = myCalc;
		};
		995B79312453458B005C864C /* PBXContainerItemProxy */ = {
			isa = PBXContainerItemProxy;
			containerPortal = 995B79072453456B005C864C /* Project object */;
			proxyType = 1;
			remoteGlobalIDString = 995B790E2453456B005C864C;
			remoteInfo = myCalc;
		};
/* End PBXContainerItemProxy section */

/* Begin PBXFileReference section */
		995B790F2453456B005C864C /* myCalc.app */ = {isa = PBXFileReference; explicitFileType = wrapper.application; includeInIndex = 0; path = myCalc.app; sourceTree = BUILT_PRODUCTS_DIR; };
		995B79122453456B005C864C /* AppDelegate.swift */ = {isa = PBXFileReference; lastKnownFileType = sourcecode.swift; path = AppDelegate.swift; sourceTree = "<group>"; };
		995B79142453456B005C864C /* SceneDelegate.swift */ = {isa = PBXFileReference; lastKnownFileType = sourcecode.swift; path = SceneDelegate.swift; sourceTree = "<group>"; };
		995B79162453456C005C864C /* ViewController.swift */ = {isa = PBXFileReference; lastKnownFileType = sourcecode.swift; path = ViewController.swift; sourceTree = "<group>"; };
		995B79192453456C005C864C /* Base */ = {isa = PBXFileReference; lastKnownFileType = file.storyboard; name = Base; path = Base.lproj/Main.storyboard; sourceTree = "<group>"; };
		995B791B2453458A005C864C /* Assets.xcassets */ = {isa = PBXFileReference; lastKnownFileType = folder.assetcatalog; path = Assets.xcassets; sourceTree = "<group>"; };
		995B791E2453458A005C864C /* Base */ = {isa = PBXFileReference; lastKnownFileType = file.storyboard; name = Base; path = Base.lproj/LaunchScreen.storyboard; sourceTree = "<group>"; };
		995B79202453458A005C864C /* Info.plist */ = {isa = PBXFileReference; lastKnownFileType = text.plist.xml; path = Info.plist; sourceTree = "<group>"; };
		995B79252453458B005C864C /* myCalcTests.xctest */ = {isa = PBXFileReference; explicitFileType = wrapper.cfbundle; includeInIndex = 0; path = myCalcTests.xctest; sourceTree = BUILT_PRODUCTS_DIR; };
		995B79292453458B005C864C /* myCalcTests.swift */ = {isa = PBXFileReference; lastKnownFileType = sourcecode.swift; path = myCalcTests.swift; sourceTree = "<group>"; };
		995B792B2453458B005C864C /* Info.plist */ = {isa = PBXFileReference; lastKnownFileType = text.plist.xml; path = Info.plist; sourceTree = "<group>"; };
		995B79302453458B005C864C /* myCalcUITests.xctest */ = {isa = PBXFileReference; explicitFileType = wrapper.cfbundle; includeInIndex = 0; path = myCalcUITests.xctest; sourceTree = BUILT_PRODUCTS_DIR; };
		995B79342453458B005C864C /* myCalcUITests.swift */ = {isa = PBXFileReference; lastKnownFileType = sourcecode.swift; path = myCalcUITests.swift; sourceTree = "<group>"; };
		995B79362453458B005C864C /* Info.plist */ = {isa = PBXFileReference; lastKnownFileType = text.plist.xml; path = Info.plist; sourceTree = "<group>"; };
/* End PBXFileReference section */

/* Begin PBXFrameworksBuildPhase section */
		995B790C2453456B005C864C /* Frameworks */ = {
			isa = PBXFrameworksBuildPhase;
			buildActionMask = 2147483647;
			files = (
			);
			runOnlyForDeploymentPostprocessing = 0;
		};
		995B79222453458B005C864C /* Frameworks */ = {
			isa = PBXFrameworksBuildPhase;
			buildActionMask = 2147483647;
			files = (
			);
			runOnlyForDeploymentPostprocessing = 0;
		};
		995B792D2453458B005C864C /* Frameworks */ = {
			isa = PBXFrameworksBuildPhase;
			buildActionMask = 2147483647;
			files = (
			);
			runOnlyForDeploymentPostprocessing = 0;
		};
/* End PBXFrameworksBuildPhase section */

/* Begin PBXGroup section */
		995B79062453456B005C864C = {
			isa = PBXGroup;
			children = (
				995B79112453456B005C864C /* myCalc */,
				995B79282453458B005C864C /* myCalcTests */,
				995B79332453458B005C864C /* myCalcUITests */,
				995B79102453456B005C864C /* Products */,
			);
			sourceTree = "<group>";
		};
		995B79102453456B005C864C /* Products */ = {
			isa = PBXGroup;
			children = (
				995B790F2453456B005C864C /* myCalc.app */,
				995B79252453458B005C864C /* myCalcTests.xctest */,
				995B79302453458B005C864C /* myCalcUITests.xctest */,
			);
			name = Products;
			sourceTree = "<group>";
		};
		995B79112453456B005C864C /* myCalc */ = {
			isa = PBXGroup;
			children = (
				995B79122453456B005C864C /* AppDelegate.swift */,
				995B79142453456B005C864C /* SceneDelegate.swift */,
				995B79162453456C005C864C /* ViewController.swift */,
				995B79182453456C005C864C /* Main.storyboard */,
				995B791B2453458A005C864C /* Assets.xcassets */,
				995B791D2453458A005C864C /* LaunchScreen.storyboard */,
				995B79202453458A005C864C /* Info.plist */,
			);
			path = myCalc;
			sourceTree = "<group>";
		};
		995B79282453458B005C864C /* myCalcTests */ = {
			isa = PBXGroup;
			children = (
				995B79292453458B005C864C /* myCalcTests.swift */,
				995B792B2453458B005C864C /* Info.plist */,
			);
			path = myCalcTests;
			sourceTree = "<group>";
		};
		995B79332453458B005C864C /* myCalcUITests */ = {
			isa = PBXGroup;
			children = (
				995B79342453458B005C864C /* myCalcUITests.swift */,
				995B79362453458B005C864C /* Info.plist */,
			);
			path = myCalcUITests;
			sourceTree = "<group>";
		};
/* End PBXGroup section */

/* Begin PBXNativeTarget section */
		995B790E2453456B005C864C /* myCalc */ = {
			isa = PBXNativeTarget;
			buildConfigurationList = 995B79392453458B005C864C /* Build configuration list for PBXNativeTarget "myCalc" */;
			buildPhases = (
				995B790B2453456B005C864C /* Sources */,
				995B790C2453456B005C864C /* Frameworks */,
				995B790D2453456B005C864C /* Resources */,
			);
			buildRules = (
			);
			dependencies = (
			);
			name = myCalc;
			productName = myCalc;
			productReference = 995B790F2453456B005C864C /* myCalc.app */;
			productType = "com.apple.product-type.application";
		};
		995B79242453458B005C864C /* myCalcTests */ = {
			isa = PBXNativeTarget;
			buildConfigurationList = 995B793C2453458B005C864C /* Build configuration list for PBXNativeTarget "myCalcTests" */;
			buildPhases = (
				995B79212453458B005C864C /* Sources */,
				995B79222453458B005C864C /* Frameworks */,
				995B79232453458B005C864C /* Resources */,
			);
			buildRules = (
			);
			dependencies = (
				995B79272453458B005C864C /* PBXTargetDependency */,
			);
			name = myCalcTests;
			productName = myCalcTests;
			productReference = 995B79252453458B005C864C /* myCalcTests.xctest */;
			productType = "com.apple.product-type.bundle.unit-test";
		};
		995B792F2453458B005C864C /* myCalcUITests */ = {
			isa = PBXNativeTarget;
			buildConfigurationList = 995B793F2453458B005C864C /* Build configuration list for PBXNativeTarget "myCalcUITests" */;
			buildPhases = (
				995B792C2453458B005C864C /* Sources */,
				995B792D2453458B005C864C /* Frameworks */,
				995B792E2453458B005C864C /* Resources */,
			);
			buildRules = (
			);
			dependencies = (
				995B79322453458B005C864C /* PBXTargetDependency */,
			);
			name = myCalcUITests;
			productName = myCalcUITests;
			productReference = 995B79302453458B005C864C /* myCalcUITests.xctest */;
			productType = "com.apple.product-type.bundle.ui-testing";
		};
/* End PBXNativeTarget section */

/* Begin PBXProject section */
		995B79072453456B005C864C /* Project object */ = {
			isa = PBXProject;
			attributes = {
				LastSwiftUpdateCheck = 1130;
				LastUpgradeCheck = 1130;
				ORGANIZATIONNAME = Nizelan;
				TargetAttributes = {
					995B790E2453456B005C864C = {
						CreatedOnToolsVersion = 11.3.1;
					};
					995B79242453458B005C864C = {
						CreatedOnToolsVersion = 11.3.1;
						TestTargetID = 995B790E2453456B005C864C;
					};
					995B792F2453458B005C864C = {
						CreatedOnToolsVersion = 11.3.1;
						TestTargetID = 995B790E2453456B005C864C;
					};
				};
			};
			buildConfigurationList = 995B790A2453456B005C864C /* Build configuration list for PBXProject "myCalc" */;
			compatibilityVersion = "Xcode 9.3";
			developmentRegion = en;
			hasScannedForEncodings = 0;
			knownRegions = (
				en,
				Base,
			);
			mainGroup = 995B79062453456B005C864C;
			productRefGroup = 995B79102453456B005C864C /* Products */;
			projectDirPath = "";
			projectRoot = "";
			targets = (
				995B790E2453456B005C864C /* myCalc */,
				995B79242453458B005C864C /* myCalcTests */,
				995B792F2453458B005C864C /* myCalcUITests */,
			);
		};
/* End PBXProject section */

/* Begin PBXResourcesBuildPhase section */
		995B790D2453456B005C864C /* Resources */ = {
			isa = PBXResourcesBuildPhase;
			buildActionMask = 2147483647;
			files = (
				995B791F2453458A005C864C /* LaunchScreen.storyboard in Resources */,
				995B791C2453458A005C864C /* Assets.xcassets in Resources */,
				995B791A2453456C005C864C /* Main.storyboard in Resources */,
			);
			runOnlyForDeploymentPostprocessing = 0;
		};
		995B79232453458B005C864C /* Resources */ = {
			isa = PBXResourcesBuildPhase;
			buildActionMask = 2147483647;
			files = (
			);
			runOnlyForDeploymentPostprocessing = 0;
		};
		995B792E2453458B005C864C /* Resources */ = {
			isa = PBXResourcesBuildPhase;
			buildActionMask = 2147483647;
			files = (
			);
			runOnlyForDeploymentPostprocessing = 0;
		};
/* End PBXResourcesBuildPhase section */

/* Begin PBXSourcesBuildPhase section */
		995B790B2453456B005C864C /* Sources */ = {
			isa = PBXSourcesBuildPhase;
			buildActionMask = 2147483647;
			files = (
				995B79172453456C005C864C /* ViewController.swift in Sources */,
				995B79132453456B005C864C /* AppDelegate.swift in Sources */,
				995B79152453456B005C864C /* SceneDelegate.swift in Sources */,
			);
			runOnlyForDeploymentPostprocessing = 0;
		};
		995B79212453458B005C864C /* Sources */ = {
			isa = PBXSourcesBuildPhase;
			buildActionMask = 2147483647;
			files = (
				995B792A2453458B005C864C /* myCalcTests.swift in Sources */,
			);
			runOnlyForDeploymentPostprocessing = 0;
		};
		995B792C2453458B005C864C /* Sources */ = {
			isa = PBXSourcesBuildPhase;
			buildActionMask = 2147483647;
			files = (
				995B79352453458B005C864C /* myCalcUITests.swift in Sources */,
			);
			runOnlyForDeploymentPostprocessing = 0;
		};
/* End PBXSourcesBuildPhase section */

/* Begin PBXTargetDependency section */
		995B79272453458B005C864C /* PBXTargetDependency */ = {
			isa = PBXTargetDependency;
			target = 995B790E2453456B005C864C /* myCalc */;
			targetProxy = 995B79262453458B005C864C /* PBXContainerItemProxy */;
		};
		995B79322453458B005C864C /* PBXTargetDependency */ = {
			isa = PBXTargetDependency;
			target = 995B790E2453456B005C864C /* myCalc */;
			targetProxy = 995B79312453458B005C864C /* PBXContainerItemProxy */;
		};
/* End PBXTargetDependency section */

/* Begin PBXVariantGroup section */
		995B79182453456C005C864C /* Main.storyboard */ = {
			isa = PBXVariantGroup;
			children = (
				995B79192453456C005C864C /* Base */,
			);
			name = Main.storyboard;
			sourceTree = "<group>";
		};
		995B791D2453458A005C864C /* LaunchScreen.storyboard */ = {
			isa = PBXVariantGroup;
			children = (
				995B791E2453458A005C864C /* Base */,
			);
			name = LaunchScreen.storyboard;
			sourceTree = "<group>";
		};
/* End PBXVariantGroup section */

/* Begin XCBuildConfiguration section */
		995B79372453458B005C864C /* Debug */ = {
			isa = XCBuildConfiguration;
			buildSettings = {
				ALWAYS_SEARCH_USER_PATHS = NO;
				CLANG_ANALYZER_NONNULL = YES;
				CLANG_ANALYZER_NUMBER_OBJECT_CONVERSION = YES_AGGRESSIVE;
				CLANG_CXX_LANGUAGE_STANDARD = "gnu++14";
				CLANG_CXX_LIBRARY = "libc++";
				CLANG_ENABLE_MODULES = YES;
				CLANG_ENABLE_OBJC_ARC = YES;
				CLANG_ENABLE_OBJC_WEAK = YES;
				CLANG_WARN_BLOCK_CAPTURE_AUTORELEASING = YES;
				CLANG_WARN_BOOL_CONVERSION = YES;
				CLANG_WARN_COMMA = YES;
				CLANG_WARN_CONSTANT_CONVERSION = YES;
				CLANG_WARN_DEPRECATED_OBJC_IMPLEMENTATIONS = YES;
				CLANG_WARN_DIRECT_OBJC_ISA_USAGE = YES_ERROR;
				CLANG_WARN_DOCUMENTATION_COMMENTS = YES;
				CLANG_WARN_EMPTY_BODY = YES;
				CLANG_WARN_ENUM_CONVERSION = YES;
				CLANG_WARN_INFINITE_RECURSION = YES;
				CLANG_WARN_INT_CONVERSION = YES;
				CLANG_WARN_NON_LITERAL_NULL_CONVERSION = YES;
				CLANG_WARN_OBJC_IMPLICIT_RETAIN_SELF = YES;
				CLANG_WARN_OBJC_LITERAL_CONVERSION = YES;
				CLANG_WARN_OBJC_ROOT_CLASS = YES_ERROR;
				CLANG_WARN_RANGE_LOOP_ANALYSIS = YES;
				CLANG_WARN_STRICT_PROTOTYPES = YES;
				CLANG_WARN_SUSPICIOUS_MOVE = YES;
				CLANG_WARN_UNGUARDED_AVAILABILITY = YES_AGGRESSIVE;
				CLANG_WARN_UNREACHABLE_CODE = YES;
				CLANG_WARN__DUPLICATE_METHOD_MATCH = YES;
				COPY_PHASE_STRIP = NO;
				DEBUG_INFORMATION_FORMAT = dwarf;
				ENABLE_STRICT_OBJC_MSGSEND = YES;
				ENABLE_TESTABILITY = YES;
				GCC_C_LANGUAGE_STANDARD = gnu11;
				GCC_DYNAMIC_NO_PIC = NO;
				GCC_NO_COMMON_BLOCKS = YES;
				GCC_OPTIMIZATION_LEVEL = 0;
				GCC_PREPROCESSOR_DEFINITIONS = (
					"DEBUG=1",
					"$(inherited)",
				);
				GCC_WARN_64_TO_32_BIT_CONVERSION = YES;
				GCC_WARN_ABOUT_RETURN_TYPE = YES_ERROR;
				GCC_WARN_UNDECLARED_SELECTOR = YES;
				GCC_WARN_UNINITIALIZED_AUTOS = YES_AGGRESSIVE;
				GCC_WARN_UNUSED_FUNCTION = YES;
				GCC_WARN_UNUSED_VARIABLE = YES;
				IPHONEOS_DEPLOYMENT_TARGET = 13.2;
				MTL_ENABLE_DEBUG_INFO = INCLUDE_SOURCE;
				MTL_FAST_MATH = YES;
				ONLY_ACTIVE_ARCH = YES;
				SDKROOT = iphoneos;
				SWIFT_ACTIVE_COMPILATION_CONDITIONS = DEBUG;
				SWIFT_OPTIMIZATION_LEVEL = "-Onone";
			};
			name = Debug;
		};
		995B79382453458B005C864C /* Release */ = {
			isa = XCBuildConfiguration;
			buildSettings = {
				ALWAYS_SEARCH_USER_PATHS = NO;
				CLANG_ANALYZER_NONNULL = YES;
				CLANG_ANALYZER_NUMBER_OBJECT_CONVERSION = YES_AGGRESSIVE;
				CLANG_CXX_LANGUAGE_STANDARD = "gnu++14";
				CLANG_CXX_LIBRARY = "libc++";
				CLANG_ENABLE_MODULES = YES;
				CLANG_ENABLE_OBJC_ARC = YES;
				CLANG_ENABLE_OBJC_WEAK = YES;
				CLANG_WARN_BLOCK_CAPTURE_AUTORELEASING = YES;
				CLANG_WARN_BOOL_CONVERSION = YES;
				CLANG_WARN_COMMA = YES;
				CLANG_WARN_CONSTANT_CONVERSION = YES;
				CLANG_WARN_DEPRECATED_OBJC_IMPLEMENTATIONS = YES;
				CLANG_WARN_DIRECT_OBJC_ISA_USAGE = YES_ERROR;
				CLANG_WARN_DOCUMENTATION_COMMENTS = YES;
				CLANG_WARN_EMPTY_BODY = YES;
				CLANG_WARN_ENUM_CONVERSION = YES;
				CLANG_WARN_INFINITE_RECURSION = YES;
				CLANG_WARN_INT_CONVERSION = YES;
				CLANG_WARN_NON_LITERAL_NULL_CONVERSION = YES;
				CLANG_WARN_OBJC_IMPLICIT_RETAIN_SELF = YES;
				CLANG_WARN_OBJC_LITERAL_CONVERSION = YES;
				CLANG_WARN_OBJC_ROOT_CLASS = YES_ERROR;
				CLANG_WARN_RANGE_LOOP_ANALYSIS = YES;
				CLANG_WARN_STRICT_PROTOTYPES = YES;
				CLANG_WARN_SUSPICIOUS_MOVE = YES;
				CLANG_WARN_UNGUARDED_AVAILABILITY = YES_AGGRESSIVE;
				CLANG_WARN_UNREACHABLE_CODE = YES;
				CLANG_WARN__DUPLICATE_METHOD_MATCH = YES;
				COPY_PHASE_STRIP = NO;
				DEBUG_INFORMATION_FORMAT = "dwarf-with-dsym";
				ENABLE_NS_ASSERTIONS = NO;
				ENABLE_STRICT_OBJC_MSGSEND = YES;
				GCC_C_LANGUAGE_STANDARD = gnu11;
				GCC_NO_COMMON_BLOCKS = YES;
				GCC_WARN_64_TO_32_BIT_CONVERSION = YES;
				GCC_WARN_ABOUT_RETURN_TYPE = YES_ERROR;
				GCC_WARN_UNDECLARED_SELECTOR = YES;
				GCC_WARN_UNINITIALIZED_AUTOS = YES_AGGRESSIVE;
				GCC_WARN_UNUSED_FUNCTION = YES;
				GCC_WARN_UNUSED_VARIABLE = YES;
				IPHONEOS_DEPLOYMENT_TARGET = 13.2;
				MTL_ENABLE_DEBUG_INFO = NO;
				MTL_FAST_MATH = YES;
				SDKROOT = iphoneos;
				SWIFT_COMPILATION_MODE = wholemodule;
				SWIFT_OPTIMIZATION_LEVEL = "-O";
				VALIDATE_PRODUCT = YES;
			};
			name = Release;
		};
		995B793A2453458B005C864C /* Debug */ = {
			isa = XCBuildConfiguration;
			buildSettings = {
				ASSETCATALOG_COMPILER_APPICON_NAME = AppIcon;
				CODE_SIGN_STYLE = Automatic;
				INFOPLIST_FILE = myCalc/Info.plist;
				LD_RUNPATH_SEARCH_PATHS = (
					"$(inherited)",
					"@executable_path/Frameworks",
				);
				PRODUCT_BUNDLE_IDENTIFIER = NizelanInc.myCalc;
				PRODUCT_NAME = "$(TARGET_NAME)";
				SWIFT_VERSION = 5.0;
				TARGETED_DEVICE_FAMILY = "1,2";
			};
			name = Debug;
		};
		995B793B2453458B005C864C /* Release */ = {
			isa = XCBuildConfiguration;
			buildSettings = {
				ASSETCATALOG_COMPILER_APPICON_NAME = AppIcon;
				CODE_SIGN_STYLE = Automatic;
				INFOPLIST_FILE = myCalc/Info.plist;
				LD_RUNPATH_SEARCH_PATHS = (
					"$(inherited)",
					"@executable_path/Frameworks",
				);
				PRODUCT_BUNDLE_IDENTIFIER = NizelanInc.myCalc;
				PRODUCT_NAME = "$(TARGET_NAME)";
				SWIFT_VERSION = 5.0;
				TARGETED_DEVICE_FAMILY = "1,2";
			};
			name = Release;
		};
		995B793D2453458B005C864C /* Debug */ = {
			isa = XCBuildConfiguration;
			buildSettings = {
				ALWAYS_EMBED_SWIFT_STANDARD_LIBRARIES = YES;
				BUNDLE_LOADER = "$(TEST_HOST)";
				CODE_SIGN_STYLE = Automatic;
				INFOPLIST_FILE = myCalcTests/Info.plist;
				IPHONEOS_DEPLOYMENT_TARGET = 13.2;
				LD_RUNPATH_SEARCH_PATHS = (
					"$(inherited)",
					"@executable_path/Frameworks",
					"@loader_path/Frameworks",
				);
				PRODUCT_BUNDLE_IDENTIFIER = NizelanInc.myCalcTests;
				PRODUCT_NAME = "$(TARGET_NAME)";
				SWIFT_VERSION = 5.0;
				TARGETED_DEVICE_FAMILY = "1,2";
				TEST_HOST = "$(BUILT_PRODUCTS_DIR)/myCalc.app/myCalc";
			};
			name = Debug;
		};
		995B793E2453458B005C864C /* Release */ = {
			isa = XCBuildConfiguration;
			buildSettings = {
				ALWAYS_EMBED_SWIFT_STANDARD_LIBRARIES = YES;
				BUNDLE_LOADER = "$(TEST_HOST)";
				CODE_SIGN_STYLE = Automatic;
				INFOPLIST_FILE = myCalcTests/Info.plist;
				IPHONEOS_DEPLOYMENT_TARGET = 13.2;
				LD_RUNPATH_SEARCH_PATHS = (
					"$(inherited)",
					"@executable_path/Frameworks",
					"@loader_path/Frameworks",
				);
				PRODUCT_BUNDLE_IDENTIFIER = NizelanInc.myCalcTests;
				PRODUCT_NAME = "$(TARGET_NAME)";
				SWIFT_VERSION = 5.0;
				TARGETED_DEVICE_FAMILY = "1,2";
				TEST_HOST = "$(BUILT_PRODUCTS_DIR)/myCalc.app/myCalc";
			};
			name = Release;
		};
		995B79402453458B005C864C /* Debug */ = {
			isa = XCBuildConfiguration;
			buildSettings = {
				ALWAYS_EMBED_SWIFT_STANDARD_LIBRARIES = YES;
				CODE_SIGN_STYLE = Automatic;
				INFOPLIST_FILE = myCalcUITests/Info.plist;
				LD_RUNPATH_SEARCH_PATHS = (
					"$(inherited)",
					"@executable_path/Frameworks",
					"@loader_path/Frameworks",
				);
				PRODUCT_BUNDLE_IDENTIFIER = NizelanInc.myCalcUITests;
				PRODUCT_NAME = "$(TARGET_NAME)";
				SWIFT_VERSION = 5.0;
				TARGETED_DEVICE_FAMILY = "1,2";
				TEST_TARGET_NAME = myCalc;
			};
			name = Debug;
		};
		995B79412453458B005C864C /* Release */ = {
			isa = XCBuildConfiguration;
			buildSettings = {
				ALWAYS_EMBED_SWIFT_STANDARD_LIBRARIES = YES;
				CODE_SIGN_STYLE = Automatic;
				INFOPLIST_FILE = myCalcUITests/Info.plist;
				LD_RUNPATH_SEARCH_PATHS = (
					"$(inherited)",
					"@executable_path/Frameworks",
					"@loader_path/Frameworks",
				);
				PRODUCT_BUNDLE_IDENTIFIER = NizelanInc.myCalcUITests;
				PRODUCT_NAME = "$(TARGET_NAME)";
				SWIFT_VERSION = 5.0;
				TARGETED_DEVICE_FAMILY = "1,2";
				TEST_TARGET_NAME = myCalc;
			};
			name = Release;
		};
/* End XCBuildConfiguration section */

/* Begin XCConfigurationList section */
		995B790A2453456B005C864C /* Build configuration list for PBXProject "myCalc" */ = {
			isa = XCConfigurationList;
			buildConfigurations = (
				995B79372453458B005C864C /* Debug */,
				995B79382453458B005C864C /* Release */,
			);
			defaultConfigurationIsVisible = 0;
			defaultConfigurationName = Release;
		};
		995B79392453458B005C864C /* Build configuration list for PBXNativeTarget "myCalc" */ = {
			isa = XCConfigurationList;
			buildConfigurations = (
				995B793A2453458B005C864C /* Debug */,
				995B793B2453458B005C864C /* Release */,
			);
			defaultConfigurationIsVisible = 0;
			defaultConfigurationName = Release;
		};
		995B793C2453458B005C864C /* Build configuration list for PBXNativeTarget "myCalcTests" */ = {
			isa = XCConfigurationList;
			buildConfigurations = (
				995B793D2453458B005C864C /* Debug */,
				995B793E2453458B005C864C /* Release */,
			);
			defaultConfigurationIsVisible = 0;
			defaultConfigurationName = Release;
		};
		995B793F2453458B005C864C /* Build configuration list for PBXNativeTarget "myCalcUITests" */ = {
			isa = XCConfigurationList;
			buildConfigurations = (
				995B79402453458B005C864C /* Debug */,
				995B79412453458B005C864C /* Release */,
			);
			defaultConfigurationIsVisible = 0;
			defaultConfigurationName = Release;
		};
/* End XCConfigurationList section */
	};
	rootObject = 995B79072453456B005C864C /* Project object */;
}
